
Microsoft Visual Studio Solution File, Format Version 12.00
# Visual Studio Version 17
VisualStudioVersion = 17.5.33424.131
MinimumVisualStudioVersion = 10.0.40219.1
Project("{FAE04EC0-301F-11D3-BF4B-00C04F79EFBC}") = "BGW-BNP-CERT-TEST", "BGW-BNP-CERT-TEST\BGW-BNP-CERT-TEST.csproj", "{F12D6E71-5EC0-40D7-8673-5AC89B093F6D}"
EndProject
Global
	GlobalSection(SolutionConfigurationPlatforms) = preSolution
		Debug|Any CPU = Debug|Any CPU
		Release|Any CPU = Release|Any CPU
	EndGlobalSection
	GlobalSection(ProjectConfigurationPlatforms) = postSolution
		{F12D6E71-5EC0-40D7-8673-5AC89B093F6D}.Debug|Any CPU.ActiveCfg = Debug|Any CPU
		{F12D6E71-5EC0-40D7-8673-5AC89B093F6D}.Debug|Any CPU.Build.0 = Debug|Any CPU
		{F12D6E71-5EC0-40D7-8673-5AC89B093F6D}.Release|Any CPU.ActiveCfg = Release|Any CPU
		{F12D6E71-5EC0-40D7-8673-5AC89B093F6D}.Release|Any CPU.Build.0 = Release|Any CPU
	EndGlobalSection
	GlobalSection(SolutionProperties) = preSolution
		HideSolutionNode = FALSE
	EndGlobalSection
	GlobalSection(ExtensibilityGlobals) = postSolution
		SolutionGuid = {93294B6E-CD2D-4FC0-934B-9237789915B3}
	EndGlobalSection
EndGlobal
